
Microsoft Visual Studio Solution File, Format Version 12.00
# Visual Studio Version 17
VisualStudioVersion = 17.12.35527.113 d17.12
MinimumVisualStudioVersion = 10.0.40219.1
Project("{FAE04EC0-301F-11D3-BF4B-00C04F79EFBC}") = "threadExample", "threadExample\threadExample.csproj", "{68924E45-BDF2-4B30-BF62-1D49A2567C9F}"
EndProject
Global
	GlobalSection(SolutionConfigurationPlatforms) = preSolution
		Debug|Any CPU = Debug|Any CPU
		Release|Any CPU = Release|Any CPU
	EndGlobalSection
	GlobalSection(ProjectConfigurationPlatforms) = postSolution
		{68924E45-BDF2-4B30-BF62-1D49A2567C9F}.Debug|Any CPU.ActiveCfg = Debug|Any CPU
		{68924E45-BDF2-4B30-BF62-1D49A2567C9F}.Debug|Any CPU.Build.0 = Debug|Any CPU
		{68924E45-BDF2-4B30-BF62-1D49A2567C9F}.Release|Any CPU.ActiveCfg = Release|Any CPU
		{68924E45-BDF2-4B30-BF62-1D49A2567C9F}.Release|Any CPU.Build.0 = Release|Any CPU
	EndGlobalSection
	GlobalSection(SolutionProperties) = preSolution
		HideSolutionNode = FALSE
	EndGlobalSection
EndGlobal
